PODS:
  - FBSnapshotTestCase (2.1.4):
    - FBSnapshotTestCase/SwiftSupport (= 2.1.4)
  - FBSnapshotTestCase/Core (2.1.4)
  - FBSnapshotTestCase/SwiftSupport (2.1.4):
    - FBSnapshotTestCase/Core
  - SwiftExtension (0.1.0)

DEPENDENCIES:
  - FBSnapshotTestCase (~> 2.1.4)
  - SwiftExtension (from `../`)

SPEC REPOS:
  https://github.com/cocoapods/specs.git:
    - FBSnapshotTestCase

EXTERNAL SOURCES:
  SwiftExtension:
    :path: "../"

SPEC CHECKSUMS:
  FBSnapshotTestCase: 094f9f314decbabe373b87cc339bea235a63e07a
  SwiftExtension: b0ce9e888c95c727534d46951d908c202c901777

PODFILE CHECKSUM: 7b3ad7ab9c538f24532a905638d984af1a043bfb

COCOAPODS: 1.6.1
